
Microsoft Visual Studio Solution File, Format Version 12.00
# Visual Studio Version 17
VisualStudioVersion = 17.5.33103.201
MinimumVisualStudioVersion = 10.0.40219.1
Project("{FAE04EC0-301F-11D3-BF4B-00C04F79EFBC}") = "VRCFaceTracking", "..\VRCFaceTracking\VRCFaceTracking\VRCFaceTracking.csproj", "{0767C09E-D536-464B-B0A1-46D5BFA19E98}"
EndProject
Project("{FAE04EC0-301F-11D3-BF4B-00C04F79EFBC}") = "MeowFaceExtTrackingInterface", "VMCExtTrackingInterface\MeowFaceExtTrackingInterface.csproj", "{4C21CDF0-BDC9-4E08-A940-4462A67D6DC5}"
EndProject
Global
	GlobalSection(SolutionConfigurationPlatforms) = preSolution
		Debug|Any CPU = Debug|Any CPU
		Debug|x64 = Debug|x64
		Release|Any CPU = Release|Any CPU
		Release|x64 = Release|x64
	EndGlobalSection
	GlobalSection(ProjectConfigurationPlatforms) = postSolution
		{0767C09E-D536-464B-B0A1-46D5BFA19E98}.Debug|Any CPU.ActiveCfg = Debug|Any CPU
		{0767C09E-D536-464B-B0A1-46D5BFA19E98}.Debug|Any CPU.Build.0 = Debug|Any CPU
		{0767C09E-D536-464B-B0A1-46D5BFA19E98}.Debug|x64.ActiveCfg = Debug|x64
		{0767C09E-D536-464B-B0A1-46D5BFA19E98}.Debug|x64.Build.0 = Debug|x64
		{0767C09E-D536-464B-B0A1-46D5BFA19E98}.Release|Any CPU.ActiveCfg = Release|Any CPU
		{0767C09E-D536-464B-B0A1-46D5BFA19E98}.Release|Any CPU.Build.0 = Release|Any CPU
		{0767C09E-D536-464B-B0A1-46D5BFA19E98}.Release|x64.ActiveCfg = Release|x64
		{0767C09E-D536-464B-B0A1-46D5BFA19E98}.Release|x64.Build.0 = Release|x64
		{4C21CDF0-BDC9-4E08-A940-4462A67D6DC5}.Debug|Any CPU.ActiveCfg = Debug|Any CPU
		{4C21CDF0-BDC9-4E08-A940-4462A67D6DC5}.Debug|Any CPU.Build.0 = Debug|Any CPU
		{4C21CDF0-BDC9-4E08-A940-4462A67D6DC5}.Debug|x64.ActiveCfg = Debug|Any CPU
		{4C21CDF0-BDC9-4E08-A940-4462A67D6DC5}.Debug|x64.Build.0 = Debug|Any CPU
		{4C21CDF0-BDC9-4E08-A940-4462A67D6DC5}.Release|Any CPU.ActiveCfg = Release|Any CPU
		{4C21CDF0-BDC9-4E08-A940-4462A67D6DC5}.Release|Any CPU.Build.0 = Release|Any CPU
		{4C21CDF0-BDC9-4E08-A940-4462A67D6DC5}.Release|x64.ActiveCfg = Release|Any CPU
		{4C21CDF0-BDC9-4E08-A940-4462A67D6DC5}.Release|x64.Build.0 = Release|Any CPU
	EndGlobalSection
	GlobalSection(SolutionProperties) = preSolution
		HideSolutionNode = FALSE
	EndGlobalSection
	GlobalSection(ExtensibilityGlobals) = postSolution
		SolutionGuid = {AB677219-6BE5-4C6C-86B8-53F68709A73C}
	EndGlobalSection
EndGlobal
